
Microsoft Visual Studio Solution File, Format Version 12.00
# Visual Studio 15
Project("{FAE04EC0-301F-11D3-BF4B-00C04F79EFBC}") = "Assembly-CSharp", "Assembly-CSharp.csproj", "{88B4F364-B7AC-D587-93E5-3C8BE4A93057}"
EndProject
Project("{FAE04EC0-301F-11D3-BF4B-00C04F79EFBC}") = "SimpleMinMaxSlider", "SimpleMinMaxSlider.csproj", "{63380BD1-CC50-6517-D8F9-33449D4FFEA0}"
EndProject
Project("{FAE04EC0-301F-11D3-BF4B-00C04F79EFBC}") = "Assembly-CSharp-Editor", "Assembly-CSharp-Editor.csproj", "{BC356445-20FA-889F-9E10-18C7CC55BE66}"
EndProject
Global
	GlobalSection(SolutionConfigurationPlatforms) = preSolution
		Debug|Any CPU = Debug|Any CPU
		Release|Any CPU = Release|Any CPU
	EndGlobalSection
	GlobalSection(ProjectConfigurationPlatforms) = postSolution
		{88B4F364-B7AC-D587-93E5-3C8BE4A93057}.Debug|Any CPU.ActiveCfg = Debug|Any CPU
		{88B4F364-B7AC-D587-93E5-3C8BE4A93057}.Debug|Any CPU.Build.0 = Debug|Any CPU
		{88B4F364-B7AC-D587-93E5-3C8BE4A93057}.Release|Any CPU.ActiveCfg = Release|Any CPU
		{88B4F364-B7AC-D587-93E5-3C8BE4A93057}.Release|Any CPU.Build.0 = Release|Any CPU
		{63380BD1-CC50-6517-D8F9-33449D4FFEA0}.Debug|Any CPU.ActiveCfg = Debug|Any CPU
		{63380BD1-CC50-6517-D8F9-33449D4FFEA0}.Debug|Any CPU.Build.0 = Debug|Any CPU
		{63380BD1-CC50-6517-D8F9-33449D4FFEA0}.Release|Any CPU.ActiveCfg = Release|Any CPU
		{63380BD1-CC50-6517-D8F9-33449D4FFEA0}.Release|Any CPU.Build.0 = Release|Any CPU
		{BC356445-20FA-889F-9E10-18C7CC55BE66}.Debug|Any CPU.ActiveCfg = Debug|Any CPU
		{BC356445-20FA-889F-9E10-18C7CC55BE66}.Debug|Any CPU.Build.0 = Debug|Any CPU
		{BC356445-20FA-889F-9E10-18C7CC55BE66}.Release|Any CPU.ActiveCfg = Release|Any CPU
		{BC356445-20FA-889F-9E10-18C7CC55BE66}.Release|Any CPU.Build.0 = Release|Any CPU
	EndGlobalSection
	GlobalSection(SolutionProperties) = preSolution
		HideSolutionNode = FALSE
	EndGlobalSection
EndGlobal
